
Microsoft Visual Studio Solution File, Format Version 12.00
# Visual Studio 15
Project("{FAE04EC0-301F-11D3-BF4B-00C04F79EFBC}") = "Assembly-CSharp", "Assembly-CSharp.csproj", "{82E2A452-1090-86FC-B716-FA118DCEB07E}"
EndProject
Project("{FAE04EC0-301F-11D3-BF4B-00C04F79EFBC}") = "Assembly-CSharp-firstpass", "Assembly-CSharp-firstpass.csproj", "{1D5E2CCD-5E3B-B6D3-CA90-FFF23A49CD5E}"
EndProject
Global
	GlobalSection(SolutionConfigurationPlatforms) = preSolution
		Debug|Any CPU = Debug|Any CPU
		Release|Any CPU = Release|Any CPU
	EndGlobalSection
	GlobalSection(ProjectConfigurationPlatforms) = postSolution
		{82E2A452-1090-86FC-B716-FA118DCEB07E}.Debug|Any CPU.ActiveCfg = Debug|Any CPU
		{82E2A452-1090-86FC-B716-FA118DCEB07E}.Debug|Any CPU.Build.0 = Debug|Any CPU
		{82E2A452-1090-86FC-B716-FA118DCEB07E}.Release|Any CPU.ActiveCfg = Release|Any CPU
		{82E2A452-1090-86FC-B716-FA118DCEB07E}.Release|Any CPU.Build.0 = Release|Any CPU
		{1D5E2CCD-5E3B-B6D3-CA90-FFF23A49CD5E}.Debug|Any CPU.ActiveCfg = Debug|Any CPU
		{1D5E2CCD-5E3B-B6D3-CA90-FFF23A49CD5E}.Debug|Any CPU.Build.0 = Debug|Any CPU
		{1D5E2CCD-5E3B-B6D3-CA90-FFF23A49CD5E}.Release|Any CPU.ActiveCfg = Release|Any CPU
		{1D5E2CCD-5E3B-B6D3-CA90-FFF23A49CD5E}.Release|Any CPU.Build.0 = Release|Any CPU
	EndGlobalSection
	GlobalSection(SolutionProperties) = preSolution
		HideSolutionNode = FALSE
	EndGlobalSection
EndGlobal
